// !$*UTF8*$!
{
	archiveVersion = 1;
	classes = {
	};
	objectVersion = 56;
	objects = {

/* Begin PBXBuildFile section */
		3A048C002A714BB800718410 /* StatterScreenApp.swift in Sources */ = {isa = PBXBuildFile; fileRef = 3A048BFF2A714BB800718410 /* StatterScreenApp.swift */; };
		3A048C022A714BB800718410 /* ContentView.swift in Sources */ = {isa = PBXBuildFile; fileRef = 3A048C012A714BB800718410 /* ContentView.swift */; };
		3A048C042A714BBA00718410 /* Assets.xcassets in Resources */ = {isa = PBXBuildFile; fileRef = 3A048C032A714BBA00718410 /* Assets.xcassets */; };
		3A048C072A714BBA00718410 /* Preview Assets.xcassets in Resources */ = {isa = PBXBuildFile; fileRef = 3A048C062A714BBA00718410 /* Preview Assets.xcassets */; };
		3A048C0C2A714BC600718410 /* StatterCRG in Frameworks */ = {isa = PBXBuildFile; productRef = 3A048C0B2A714BC600718410 /* StatterCRG */; };
		3A048C142A7A6F9A00718410 /* statcrg.swift in Sources */ = {isa = PBXBuildFile; fileRef = 3A048C132A7A6F9A00718410 /* statcrg.swift */; };
		3A048C1A2A7A6FD400718410 /* ArgumentParser in Frameworks */ = {isa = PBXBuildFile; productRef = 3A048C192A7A6FD400718410 /* ArgumentParser */; };
		3A048C1C2A7A761900718410 /* StatterCRG in Frameworks */ = {isa = PBXBuildFile; productRef = 3A048C1B2A7A761900718410 /* StatterCRG */; };
		3A1236B72A8BA05100907C45 /* statrbook.swift in Sources */ = {isa = PBXBuildFile; fileRef = 3A1236B62A8BA05100907C45 /* statrbook.swift */; };
		3A1236BC2A8BA26400907C45 /* StatterCRG in Frameworks */ = {isa = PBXBuildFile; productRef = 3A1236BB2A8BA26400907C45 /* StatterCRG */; };
		3A1236BE2A8BA2AD00907C45 /* ArgumentParser in Frameworks */ = {isa = PBXBuildFile; productRef = 3A1236BD2A8BA2AD00907C45 /* ArgumentParser */; };
		3A14DF672A83C59300B153CC /* StatterBooksApp.swift in Sources */ = {isa = PBXBuildFile; fileRef = 3A14DF662A83C59300B153CC /* StatterBooksApp.swift */; };
		3A14DF692A83C59300B153CC /* StatterBooksDocument.swift in Sources */ = {isa = PBXBuildFile; fileRef = 3A14DF682A83C59300B153CC /* StatterBooksDocument.swift */; };
		3A14DF6B2A83C59300B153CC /* ContentView.swift in Sources */ = {isa = PBXBuildFile; fileRef = 3A14DF6A2A83C59300B153CC /* ContentView.swift */; };
		3A14DF6D2A83C59400B153CC /* Assets.xcassets in Resources */ = {isa = PBXBuildFile; fileRef = 3A14DF6C2A83C59400B153CC /* Assets.xcassets */; };
		3A14DF722A83C59400B153CC /* Preview Assets.xcassets in Resources */ = {isa = PBXBuildFile; fileRef = 3A14DF712A83C59400B153CC /* Preview Assets.xcassets */; };
		3A14DF772A83C85100B153CC /* StatterCRG in Frameworks */ = {isa = PBXBuildFile; productRef = 3A14DF762A83C85100B153CC /* StatterCRG */; };
		3ACD65B62ABA0A74002F148D /* JTRemoteApp.swift in Sources */ = {isa = PBXBuildFile; fileRef = 3ACD65B52ABA0A73002F148D /* JTRemoteApp.swift */; };
		3ACD65B82ABA0A74002F148D /* ContentView.swift in Sources */ = {isa = PBXBuildFile; fileRef = 3ACD65B72ABA0A74002F148D /* ContentView.swift */; };
		3ACD65BA2ABA0A74002F148D /* Assets.xcassets in Resources */ = {isa = PBXBuildFile; fileRef = 3ACD65B92ABA0A74002F148D /* Assets.xcassets */; };
		3ACD65BD2ABA0A74002F148D /* Preview Assets.xcassets in Resources */ = {isa = PBXBuildFile; fileRef = 3ACD65BC2ABA0A74002F148D /* Preview Assets.xcassets */; };
		3ACD65C22ABA0AED002F148D /* StatterCRG in Frameworks */ = {isa = PBXBuildFile; productRef = 3ACD65C12ABA0AED002F148D /* StatterCRG */; };
		3AE2908B2A70174B00F1C771 /* StatterApp.swift in Sources */ = {isa = PBXBuildFile; fileRef = 3AE2908A2A70174B00F1C771 /* StatterApp.swift */; };
		3AE2908D2A70174B00F1C771 /* ContentView.swift in Sources */ = {isa = PBXBuildFile; fileRef = 3AE2908C2A70174B00F1C771 /* ContentView.swift */; };
		3AE2908F2A70174C00F1C771 /* Assets.xcassets in Resources */ = {isa = PBXBuildFile; fileRef = 3AE2908E2A70174C00F1C771 /* Assets.xcassets */; };
		3AE290932A70174C00F1C771 /* Preview Assets.xcassets in Resources */ = {isa = PBXBuildFile; fileRef = 3AE290922A70174C00F1C771 /* Preview Assets.xcassets */; };
		3AE2909F2A70181900F1C771 /* StatterCRG in Frameworks */ = {isa = PBXBuildFile; productRef = 3AE2909E2A70181900F1C771 /* StatterCRG */; };
		3AE290C72A701B2B00F1C771 /* StatterWatchApp.swift in Sources */ = {isa = PBXBuildFile; fileRef = 3AE290C62A701B2B00F1C771 /* StatterWatchApp.swift */; };
		3AE290C92A701B2B00F1C771 /* ContentView.swift in Sources */ = {isa = PBXBuildFile; fileRef = 3AE290C82A701B2B00F1C771 /* ContentView.swift */; };
		3AE290CB2A701B2C00F1C771 /* Assets.xcassets in Resources */ = {isa = PBXBuildFile; fileRef = 3AE290CA2A701B2C00F1C771 /* Assets.xcassets */; };
		3AE290CE2A701B2C00F1C771 /* Preview Assets.xcassets in Resources */ = {isa = PBXBuildFile; fileRef = 3AE290CD2A701B2C00F1C771 /* Preview Assets.xcassets */; };
		3AE290D12A701B2C00F1C771 /* StatterWatch Watch App.app in Embed Watch Content */ = {isa = PBXBuildFile; fileRef = 3AE290C42A701B2B00F1C771 /* StatterWatch Watch App.app */; platformFilter = ios; settings = {ATTRIBUTES = (RemoveHeadersOnCopy, ); }; };
		3AE290D72A701BA600F1C771 /* StatterCRG in Frameworks */ = {isa = PBXBuildFile; productRef = 3AE290D62A701BA600F1C771 /* StatterCRG */; settings = {ATTRIBUTES = (Required, ); }; };
/* End PBXBuildFile section */

/* Begin PBXContainerItemProxy section */
		3AE290CF2A701B2C00F1C771 /* PBXContainerItemProxy */ = {
			isa = PBXContainerItemProxy;
			containerPortal = 3AE2907F2A70174B00F1C771 /* Project object */;
			proxyType = 1;
			remoteGlobalIDString = 3AE290C32A701B2A00F1C771;
			remoteInfo = "StatterWatch Watch App";
		};
/* End PBXContainerItemProxy section */

/* Begin PBXCopyFilesBuildPhase section */
		3A048C0F2A7A6F9A00718410 /* CopyFiles */ = {
			isa = PBXCopyFilesBuildPhase;
			buildActionMask = 2147483647;
			dstPath = /usr/share/man/man1/;
			dstSubfolderSpec = 0;
			files = (
			);
			runOnlyForDeploymentPostprocessing = 1;
		};
		3A1236B22A8BA05100907C45 /* CopyFiles */ = {
			isa = PBXCopyFilesBuildPhase;
			buildActionMask = 2147483647;
			dstPath = /usr/share/man/man1/;
			dstSubfolderSpec = 0;
			files = (
			);
			runOnlyForDeploymentPostprocessing = 1;
		};
		3AE290D22A701B2C00F1C771 /* Embed Watch Content */ = {
			isa = PBXCopyFilesBuildPhase;
			buildActionMask = 2147483647;
			dstPath = "$(CONTENTS_FOLDER_PATH)/Watch";
			dstSubfolderSpec = 16;
			files = (
				3AE290D12A701B2C00F1C771 /* StatterWatch Watch App.app in Embed Watch Content */,
			);
			name = "Embed Watch Content";
			runOnlyForDeploymentPostprocessing = 0;
		};
/* End PBXCopyFilesBuildPhase section */

/* Begin PBXFileReference section */
		3A048BFD2A714BB800718410 /* StatterScreen.app */ = {isa = PBXFileReference; explicitFileType = wrapper.application; includeInIndex = 0; path = StatterScreen.app; sourceTree = BUILT_PRODUCTS_DIR; };
		3A048BFF2A714BB800718410 /* StatterScreenApp.swift */ = {isa = PBXFileReference; lastKnownFileType = sourcecode.swift; path = StatterScreenApp.swift; sourceTree = "<group>"; };
		3A048C012A714BB800718410 /* ContentView.swift */ = {isa = PBXFileReference; lastKnownFileType = sourcecode.swift; path = ContentView.swift; sourceTree = "<group>"; };
		3A048C032A714BBA00718410 /* Assets.xcassets */ = {isa = PBXFileReference; lastKnownFileType = folder.assetcatalog; path = Assets.xcassets; sourceTree = "<group>"; };
		3A048C062A714BBA00718410 /* Preview Assets.xcassets */ = {isa = PBXFileReference; lastKnownFileType = folder.assetcatalog; path = "Preview Assets.xcassets"; sourceTree = "<group>"; };
		3A048C112A7A6F9A00718410 /* statcrg */ = {isa = PBXFileReference; explicitFileType = "compiled.mach-o.executable"; includeInIndex = 0; path = statcrg; sourceTree = BUILT_PRODUCTS_DIR; };
		3A048C132A7A6F9A00718410 /* statcrg.swift */ = {isa = PBXFileReference; lastKnownFileType = sourcecode.swift; path = statcrg.swift; sourceTree = "<group>"; };
		3A048C1F2A7A83B300718410 /* statcrg.entitlements */ = {isa = PBXFileReference; lastKnownFileType = text.plist.entitlements; path = statcrg.entitlements; sourceTree = "<group>"; };
		3A1236B42A8BA05100907C45 /* statrbook */ = {isa = PBXFileReference; explicitFileType = "compiled.mach-o.executable"; includeInIndex = 0; path = statrbook; sourceTree = BUILT_PRODUCTS_DIR; };
		3A1236B62A8BA05100907C45 /* statrbook.swift */ = {isa = PBXFileReference; lastKnownFileType = sourcecode.swift; path = statrbook.swift; sourceTree = "<group>"; };
		3A14DF642A83C59300B153CC /* StatterBooks.app */ = {isa = PBXFileReference; explicitFileType = wrapper.application; includeInIndex = 0; path = StatterBooks.app; sourceTree = BUILT_PRODUCTS_DIR; };
		3A14DF662A83C59300B153CC /* StatterBooksApp.swift */ = {isa = PBXFileReference; lastKnownFileType = sourcecode.swift; path = StatterBooksApp.swift; sourceTree = "<group>"; };
		3A14DF682A83C59300B153CC /* StatterBooksDocument.swift */ = {isa = PBXFileReference; lastKnownFileType = sourcecode.swift; path = StatterBooksDocument.swift; sourceTree = "<group>"; };
		3A14DF6A2A83C59300B153CC /* ContentView.swift */ = {isa = PBXFileReference; lastKnownFileType = sourcecode.swift; path = ContentView.swift; sourceTree = "<group>"; };
		3A14DF6C2A83C59400B153CC /* Assets.xcassets */ = {isa = PBXFileReference; lastKnownFileType = folder.assetcatalog; path = Assets.xcassets; sourceTree = "<group>"; };
		3A14DF6E2A83C59400B153CC /* Info.plist */ = {isa = PBXFileReference; lastKnownFileType = text.plist.xml; path = Info.plist; sourceTree = "<group>"; };
		3A14DF6F2A83C59400B153CC /* StatterBooks.entitlements */ = {isa = PBXFileReference; lastKnownFileType = text.plist.entitlements; path = StatterBooks.entitlements; sourceTree = "<group>"; };
		3A14DF712A83C59400B153CC /* Preview Assets.xcassets */ = {isa = PBXFileReference; lastKnownFileType = folder.assetcatalog; path = "Preview Assets.xcassets"; sourceTree = "<group>"; };
		3ACD65B32ABA0A73002F148D /* JTRemote.app */ = {isa = PBXFileReference; explicitFileType = wrapper.application; includeInIndex = 0; path = JTRemote.app; sourceTree = BUILT_PRODUCTS_DIR; };
		3ACD65B52ABA0A73002F148D /* JTRemoteApp.swift */ = {isa = PBXFileReference; lastKnownFileType = sourcecode.swift; path = JTRemoteApp.swift; sourceTree = "<group>"; };
		3ACD65B72ABA0A74002F148D /* ContentView.swift */ = {isa = PBXFileReference; lastKnownFileType = sourcecode.swift; path = ContentView.swift; sourceTree = "<group>"; };
		3ACD65B92ABA0A74002F148D /* Assets.xcassets */ = {isa = PBXFileReference; lastKnownFileType = folder.assetcatalog; path = Assets.xcassets; sourceTree = "<group>"; };
		3ACD65BC2ABA0A74002F148D /* Preview Assets.xcassets */ = {isa = PBXFileReference; lastKnownFileType = folder.assetcatalog; path = "Preview Assets.xcassets"; sourceTree = "<group>"; };
		3AE290872A70174B00F1C771 /* Statter.app */ = {isa = PBXFileReference; explicitFileType = wrapper.application; includeInIndex = 0; path = Statter.app; sourceTree = BUILT_PRODUCTS_DIR; };
		3AE2908A2A70174B00F1C771 /* StatterApp.swift */ = {isa = PBXFileReference; lastKnownFileType = sourcecode.swift; path = StatterApp.swift; sourceTree = "<group>"; };
		3AE2908C2A70174B00F1C771 /* ContentView.swift */ = {isa = PBXFileReference; lastKnownFileType = sourcecode.swift; path = ContentView.swift; sourceTree = "<group>"; };
		3AE2908E2A70174C00F1C771 /* Assets.xcassets */ = {isa = PBXFileReference; lastKnownFileType = folder.assetcatalog; path = Assets.xcassets; sourceTree = "<group>"; };
		3AE290902A70174C00F1C771 /* Statter.entitlements */ = {isa = PBXFileReference; lastKnownFileType = text.plist.entitlements; path = Statter.entitlements; sourceTree = "<group>"; };
		3AE290922A70174C00F1C771 /* Preview Assets.xcassets */ = {isa = PBXFileReference; lastKnownFileType = folder.assetcatalog; path = "Preview Assets.xcassets"; sourceTree = "<group>"; };
		3AE2909A2A7017E400F1C771 /* Info.plist */ = {isa = PBXFileReference; lastKnownFileType = text.plist; path = Info.plist; sourceTree = "<group>"; };
		3AE2909C2A70180700F1C771 /* StatterCRG */ = {isa = PBXFileReference; lastKnownFileType = wrapper; name = StatterCRG; path = ../..; sourceTree = "<group>"; };
		3AE290C42A701B2B00F1C771 /* StatterWatch Watch App.app */ = {isa = PBXFileReference; explicitFileType = wrapper.application; includeInIndex = 0; path = "StatterWatch Watch App.app"; sourceTree = BUILT_PRODUCTS_DIR; };
		3AE290C62A701B2B00F1C771 /* StatterWatchApp.swift */ = {isa = PBXFileReference; lastKnownFileType = sourcecode.swift; path = StatterWatchApp.swift; sourceTree = "<group>"; };
		3AE290C82A701B2B00F1C771 /* ContentView.swift */ = {isa = PBXFileReference; lastKnownFileType = sourcecode.swift; path = ContentView.swift; sourceTree = "<group>"; };
		3AE290CA2A701B2C00F1C771 /* Assets.xcassets */ = {isa = PBXFileReference; lastKnownFileType = folder.assetcatalog; path = Assets.xcassets; sourceTree = "<group>"; };
		3AE290CD2A701B2C00F1C771 /* Preview Assets.xcassets */ = {isa = PBXFileReference; lastKnownFileType = folder.assetcatalog; path = "Preview Assets.xcassets"; sourceTree = "<group>"; };
/* End PBXFileReference section */

/* Begin PBXFrameworksBuildPhase section */
		3A048BFA2A714BB800718410 /* Frameworks */ = {
			isa = PBXFrameworksBuildPhase;
			buildActionMask = 2147483647;
			files = (
				3A048C0C2A714BC600718410 /* StatterCRG in Frameworks */,
			);
			runOnlyForDeploymentPostprocessing = 0;
		};
		3A048C0E2A7A6F9A00718410 /* Frameworks */ = {
			isa = PBXFrameworksBuildPhase;
			buildActionMask = 2147483647;
			files = (
				3A048C1A2A7A6FD400718410 /* ArgumentParser in Frameworks */,
				3A048C1C2A7A761900718410 /* StatterCRG in Frameworks */,
			);
			runOnlyForDeploymentPostprocessing = 0;
		};
		3A1236B12A8BA05100907C45 /* Frameworks */ = {
			isa = PBXFrameworksBuildPhase;
			buildActionMask = 2147483647;
			files = (
				3A1236BE2A8BA2AD00907C45 /* ArgumentParser in Frameworks */,
				3A1236BC2A8BA26400907C45 /* StatterCRG in Frameworks */,
			);
			runOnlyForDeploymentPostprocessing = 0;
		};
		3A14DF612A83C59300B153CC /* Frameworks */ = {
			isa = PBXFrameworksBuildPhase;
			buildActionMask = 2147483647;
			files = (
				3A14DF772A83C85100B153CC /* StatterCRG in Frameworks */,
			);
			runOnlyForDeploymentPostprocessing = 0;
		};
		3ACD65B02ABA0A73002F148D /* Frameworks */ = {
			isa = PBXFrameworksBuildPhase;
			buildActionMask = 2147483647;
			files = (
				3ACD65C22ABA0AED002F148D /* StatterCRG in Frameworks */,
			);
			runOnlyForDeploymentPostprocessing = 0;
		};
		3AE290842A70174B00F1C771 /* Frameworks */ = {
			isa = PBXFrameworksBuildPhase;
			buildActionMask = 2147483647;
			files = (
				3AE2909F2A70181900F1C771 /* StatterCRG in Frameworks */,
			);
			runOnlyForDeploymentPostprocessing = 0;
		};
		3AE290C12A701B2A00F1C771 /* Frameworks */ = {
			isa = PBXFrameworksBuildPhase;
			buildActionMask = 2147483647;
			files = (
				3AE290D72A701BA600F1C771 /* StatterCRG in Frameworks */,
			);
			runOnlyForDeploymentPostprocessing = 0;
		};
/* End PBXFrameworksBuildPhase section */

/* Begin PBXGroup section */
		3A048BFE2A714BB800718410 /* StatterScreen */ = {
			isa = PBXGroup;
			children = (
				3A048BFF2A714BB800718410 /* StatterScreenApp.swift */,
				3A048C012A714BB800718410 /* ContentView.swift */,
				3A048C032A714BBA00718410 /* Assets.xcassets */,
				3A048C052A714BBA00718410 /* Preview Content */,
			);
			path = StatterScreen;
			sourceTree = "<group>";
		};
		3A048C052A714BBA00718410 /* Preview Content */ = {
			isa = PBXGroup;
			children = (
				3A048C062A714BBA00718410 /* Preview Assets.xcassets */,
			);
			path = "Preview Content";
			sourceTree = "<group>";
		};
		3A048C122A7A6F9A00718410 /* statcrg */ = {
			isa = PBXGroup;
			children = (
				3A048C1F2A7A83B300718410 /* statcrg.entitlements */,
				3A048C132A7A6F9A00718410 /* statcrg.swift */,
			);
			path = statcrg;
			sourceTree = "<group>";
		};
		3A1236B52A8BA05100907C45 /* statbook */ = {
			isa = PBXGroup;
			children = (
				3A1236B62A8BA05100907C45 /* statrbook.swift */,
			);
			path = statbook;
			sourceTree = "<group>";
		};
		3A14DF652A83C59300B153CC /* StatterBooks */ = {
			isa = PBXGroup;
			children = (
				3A14DF662A83C59300B153CC /* StatterBooksApp.swift */,
				3A14DF682A83C59300B153CC /* StatterBooksDocument.swift */,
				3A14DF6A2A83C59300B153CC /* ContentView.swift */,
				3A14DF6C2A83C59400B153CC /* Assets.xcassets */,
				3A14DF6E2A83C59400B153CC /* Info.plist */,
				3A14DF6F2A83C59400B153CC /* StatterBooks.entitlements */,
				3A14DF702A83C59400B153CC /* Preview Content */,
			);
			path = StatterBooks;
			sourceTree = "<group>";
		};
		3A14DF702A83C59400B153CC /* Preview Content */ = {
			isa = PBXGroup;
			children = (
				3A14DF712A83C59400B153CC /* Preview Assets.xcassets */,
			);
			path = "Preview Content";
			sourceTree = "<group>";
		};
		3ACD65B42ABA0A73002F148D /* JTRemote */ = {
			isa = PBXGroup;
			children = (
				3ACD65B52ABA0A73002F148D /* JTRemoteApp.swift */,
				3ACD65B72ABA0A74002F148D /* ContentView.swift */,
				3ACD65B92ABA0A74002F148D /* Assets.xcassets */,
				3ACD65BB2ABA0A74002F148D /* Preview Content */,
			);
			path = JTRemote;
			sourceTree = "<group>";
		};
		3ACD65BB2ABA0A74002F148D /* Preview Content */ = {
			isa = PBXGroup;
			children = (
				3ACD65BC2ABA0A74002F148D /* Preview Assets.xcassets */,
			);
			path = "Preview Content";
			sourceTree = "<group>";
		};
		3AE2907E2A70174B00F1C771 = {
			isa = PBXGroup;
			children = (
				3AE2909B2A70180700F1C771 /* Packages */,
				3AE290892A70174B00F1C771 /* Statter */,
				3AE290C52A701B2B00F1C771 /* StatterWatch Watch App */,
				3A048BFE2A714BB800718410 /* StatterScreen */,
				3A048C122A7A6F9A00718410 /* statcrg */,
				3A14DF652A83C59300B153CC /* StatterBooks */,
				3A1236B52A8BA05100907C45 /* statbook */,
				3ACD65B42ABA0A73002F148D /* JTRemote */,
				3AE290882A70174B00F1C771 /* Products */,
				3AE2909D2A70181900F1C771 /* Frameworks */,
			);
			sourceTree = "<group>";
		};
		3AE290882A70174B00F1C771 /* Products */ = {
			isa = PBXGroup;
			children = (
				3AE290872A70174B00F1C771 /* Statter.app */,
				3AE290C42A701B2B00F1C771 /* StatterWatch Watch App.app */,
				3A048BFD2A714BB800718410 /* StatterScreen.app */,
				3A048C112A7A6F9A00718410 /* statcrg */,
				3A14DF642A83C59300B153CC /* StatterBooks.app */,
				3A1236B42A8BA05100907C45 /* statrbook */,
				3ACD65B32ABA0A73002F148D /* JTRemote.app */,
			);
			name = Products;
			sourceTree = "<group>";
		};
		3AE290892A70174B00F1C771 /* Statter */ = {
			isa = PBXGroup;
			children = (
				3AE2909A2A7017E400F1C771 /* Info.plist */,
				3AE2908A2A70174B00F1C771 /* StatterApp.swift */,
				3AE290992A7017DB00F1C771 /* Screens */,
				3AE2908C2A70174B00F1C771 /* ContentView.swift */,
				3AE2908E2A70174C00F1C771 /* Assets.xcassets */,
				3AE290902A70174C00F1C771 /* Statter.entitlements */,
				3AE290912A70174C00F1C771 /* Preview Content */,
			);
			path = Statter;
			sourceTree = "<group>";
		};
		3AE290912A70174C00F1C771 /* Preview Content */ = {
			isa = PBXGroup;
			children = (
				3AE290922A70174C00F1C771 /* Preview Assets.xcassets */,
			);
			path = "Preview Content";
			sourceTree = "<group>";
		};
		3AE290992A7017DB00F1C771 /* Screens */ = {
			isa = PBXGroup;
			children = (
			);
			path = Screens;
			sourceTree = "<group>";
		};
		3AE2909B2A70180700F1C771 /* Packages */ = {
			isa = PBXGroup;
			children = (
				3AE2909C2A70180700F1C771 /* StatterCRG */,
			);
			name = Packages;
			sourceTree = "<group>";
		};
		3AE2909D2A70181900F1C771 /* Frameworks */ = {
			isa = PBXGroup;
			children = (
			);
			name = Frameworks;
			sourceTree = "<group>";
		};
		3AE290C52A701B2B00F1C771 /* StatterWatch Watch App */ = {
			isa = PBXGroup;
			children = (
				3AE290C62A701B2B00F1C771 /* StatterWatchApp.swift */,
				3AE290C82A701B2B00F1C771 /* ContentView.swift */,
				3AE290CA2A701B2C00F1C771 /* Assets.xcassets */,
				3AE290CC2A701B2C00F1C771 /* Preview Content */,
			);
			path = "StatterWatch Watch App";
			sourceTree = "<group>";
		};
		3AE290CC2A701B2C00F1C771 /* Preview Content */ = {
			isa = PBXGroup;
			children = (
				3AE290CD2A701B2C00F1C771 /* Preview Assets.xcassets */,
			);
			path = "Preview Content";
			sourceTree = "<group>";
		};
/* End PBXGroup section */

/* Begin PBXNativeTarget section */
		3A048BFC2A714BB800718410 /* StatterScreen */ = {
			isa = PBXNativeTarget;
			buildConfigurationList = 3A048C0A2A714BBA00718410 /* Build configuration list for PBXNativeTarget "StatterScreen" */;
			buildPhases = (
				3A048BF92A714BB800718410 /* Sources */,
				3A048BFA2A714BB800718410 /* Frameworks */,
				3A048BFB2A714BB800718410 /* Resources */,
			);
			buildRules = (
			);
			dependencies = (
			);
			name = StatterScreen;
			packageProductDependencies = (
				3A048C0B2A714BC600718410 /* StatterCRG */,
			);
			productName = StatterScreen;
			productReference = 3A048BFD2A714BB800718410 /* StatterScreen.app */;
			productType = "com.apple.product-type.application";
		};
		3A048C102A7A6F9A00718410 /* statcrg */ = {
			isa = PBXNativeTarget;
			buildConfigurationList = 3A048C152A7A6F9A00718410 /* Build configuration list for PBXNativeTarget "statcrg" */;
			buildPhases = (
				3A048C0D2A7A6F9A00718410 /* Sources */,
				3A048C0E2A7A6F9A00718410 /* Frameworks */,
				3A048C0F2A7A6F9A00718410 /* CopyFiles */,
			);
			buildRules = (
			);
			dependencies = (
			);
			name = statcrg;
			packageProductDependencies = (
				3A048C192A7A6FD400718410 /* ArgumentParser */,
				3A048C1B2A7A761900718410 /* StatterCRG */,
			);
			productName = statcrg;
			productReference = 3A048C112A7A6F9A00718410 /* statcrg */;
			productType = "com.apple.product-type.tool";
		};
		3A1236B32A8BA05100907C45 /* statrbook */ = {
			isa = PBXNativeTarget;
			buildConfigurationList = 3A1236BA2A8BA05100907C45 /* Build configuration list for PBXNativeTarget "statrbook" */;
			buildPhases = (
				3A1236B02A8BA05100907C45 /* Sources */,
				3A1236B12A8BA05100907C45 /* Frameworks */,
				3A1236B22A8BA05100907C45 /* CopyFiles */,
			);
			buildRules = (
			);
			dependencies = (
			);
			name = statrbook;
			packageProductDependencies = (
				3A1236BB2A8BA26400907C45 /* StatterCRG */,
				3A1236BD2A8BA2AD00907C45 /* ArgumentParser */,
			);
			productName = statbook;
			productReference = 3A1236B42A8BA05100907C45 /* statrbook */;
			productType = "com.apple.product-type.tool";
		};
		3A14DF632A83C59300B153CC /* StatterBooks */ = {
			isa = PBXNativeTarget;
			buildConfigurationList = 3A14DF752A83C59400B153CC /* Build configuration list for PBXNativeTarget "StatterBooks" */;
			buildPhases = (
				3A14DF602A83C59300B153CC /* Sources */,
				3A14DF612A83C59300B153CC /* Frameworks */,
				3A14DF622A83C59300B153CC /* Resources */,
			);
			buildRules = (
			);
			dependencies = (
			);
			name = StatterBooks;
			packageProductDependencies = (
				3A14DF762A83C85100B153CC /* StatterCRG */,
			);
			productName = StatterBooks;
			productReference = 3A14DF642A83C59300B153CC /* StatterBooks.app */;
			productType = "com.apple.product-type.application";
		};
		3ACD65B22ABA0A73002F148D /* JTRemote */ = {
			isa = PBXNativeTarget;
			buildConfigurationList = 3ACD65C02ABA0A74002F148D /* Build configuration list for PBXNativeTarget "JTRemote" */;
			buildPhases = (
				3ACD65AF2ABA0A73002F148D /* Sources */,
				3ACD65B02ABA0A73002F148D /* Frameworks */,
				3ACD65B12ABA0A73002F148D /* Resources */,
			);
			buildRules = (
			);
			dependencies = (
			);
			name = JTRemote;
			packageProductDependencies = (
				3ACD65C12ABA0AED002F148D /* StatterCRG */,
			);
			productName = JTRemote;
			productReference = 3ACD65B32ABA0A73002F148D /* JTRemote.app */;
			productType = "com.apple.product-type.application";
		};
		3AE290862A70174B00F1C771 /* Statter */ = {
			isa = PBXNativeTarget;
			buildConfigurationList = 3AE290962A70174C00F1C771 /* Build configuration list for PBXNativeTarget "Statter" */;
			buildPhases = (
				3AE290832A70174B00F1C771 /* Sources */,
				3AE290842A70174B00F1C771 /* Frameworks */,
				3AE290852A70174B00F1C771 /* Resources */,
				3AE290D22A701B2C00F1C771 /* Embed Watch Content */,
			);
			buildRules = (
			);
			dependencies = (
				3AE290D02A701B2C00F1C771 /* PBXTargetDependency */,
			);
			name = Statter;
			packageProductDependencies = (
				3AE2909E2A70181900F1C771 /* StatterCRG */,
			);
			productName = Statter;
			productReference = 3AE290872A70174B00F1C771 /* Statter.app */;
			productType = "com.apple.product-type.application";
		};
		3AE290C32A701B2A00F1C771 /* StatterWatch Watch App */ = {
			isa = PBXNativeTarget;
			buildConfigurationList = 3AE290D52A701B2C00F1C771 /* Build configuration list for PBXNativeTarget "StatterWatch Watch App" */;
			buildPhases = (
				3AE290C02A701B2A00F1C771 /* Sources */,
				3AE290C12A701B2A00F1C771 /* Frameworks */,
				3AE290C22A701B2A00F1C771 /* Resources */,
			);
			buildRules = (
			);
			dependencies = (
			);
			name = "StatterWatch Watch App";
			packageProductDependencies = (
				3AE290D62A701BA600F1C771 /* StatterCRG */,
			);
			productName = "StatterWatch Watch App";
			productReference = 3AE290C42A701B2B00F1C771 /* StatterWatch Watch App.app */;
			productType = "com.apple.product-type.application";
		};
/* End PBXNativeTarget section */

/* Begin PBXProject section */
		3AE2907F2A70174B00F1C771 /* Project object */ = {
			isa = PBXProject;
			attributes = {
				BuildIndependentTargetsInParallel = 1;
				LastSwiftUpdateCheck = 1500;
				LastUpgradeCheck = 1430;
				TargetAttributes = {
					3A048BFC2A714BB800718410 = {
						CreatedOnToolsVersion = 14.3.1;
					};
					3A048C102A7A6F9A00718410 = {
						CreatedOnToolsVersion = 14.3.1;
					};
					3A1236B32A8BA05100907C45 = {
						CreatedOnToolsVersion = 14.3.1;
					};
					3A14DF632A83C59300B153CC = {
						CreatedOnToolsVersion = 14.3.1;
					};
					3ACD65B22ABA0A73002F148D = {
						CreatedOnToolsVersion = 15.0;
					};
					3AE290862A70174B00F1C771 = {
						CreatedOnToolsVersion = 14.3.1;
					};
					3AE290C32A701B2A00F1C771 = {
						CreatedOnToolsVersion = 14.3.1;
					};
				};
			};
			buildConfigurationList = 3AE290822A70174B00F1C771 /* Build configuration list for PBXProject "Statter" */;
			compatibilityVersion = "Xcode 14.0";
			developmentRegion = en;
			hasScannedForEncodings = 0;
			knownRegions = (
				en,
				Base,
			);
			mainGroup = 3AE2907E2A70174B00F1C771;
			packageReferences = (
				3A048C182A7A6FD400718410 /* XCRemoteSwiftPackageReference "swift-argument-parser" */,
			);
			productRefGroup = 3AE290882A70174B00F1C771 /* Products */;
			projectDirPath = "";
			projectRoot = "";
			targets = (
				3AE290862A70174B00F1C771 /* Statter */,
				3AE290C32A701B2A00F1C771 /* StatterWatch Watch App */,
				3A048BFC2A714BB800718410 /* StatterScreen */,
				3A048C102A7A6F9A00718410 /* statcrg */,
				3A14DF632A83C59300B153CC /* StatterBooks */,
				3A1236B32A8BA05100907C45 /* statrbook */,
				3ACD65B22ABA0A73002F148D /* JTRemote */,
			);
		};
/* End PBXProject section */

/* Begin PBXResourcesBuildPhase section */
		3A048BFB2A714BB800718410 /* Resources */ = {
			isa = PBXResourcesBuildPhase;
			buildActionMask = 2147483647;
			files = (
				3A048C072A714BBA00718410 /* Preview Assets.xcassets in Resources */,
				3A048C042A714BBA00718410 /* Assets.xcassets in Resources */,
			);
			runOnlyForDeploymentPostprocessing = 0;
		};
		3A14DF622A83C59300B153CC /* Resources */ = {
			isa = PBXResourcesBuildPhase;
			buildActionMask = 2147483647;
			files = (
				3A14DF722A83C59400B153CC /* Preview Assets.xcassets in Resources */,
				3A14DF6D2A83C59400B153CC /* Assets.xcassets in Resources */,
			);
			runOnlyForDeploymentPostprocessing = 0;
		};
		3ACD65B12ABA0A73002F148D /* Resources */ = {
			isa = PBXResourcesBuildPhase;
			buildActionMask = 2147483647;
			files = (
				3ACD65BD2ABA0A74002F148D /* Preview Assets.xcassets in Resources */,
				3ACD65BA2ABA0A74002F148D /* Assets.xcassets in Resources */,
			);
			runOnlyForDeploymentPostprocessing = 0;
		};
		3AE290852A70174B00F1C771 /* Resources */ = {
			isa = PBXResourcesBuildPhase;
			buildActionMask = 2147483647;
			files = (
				3AE290932A70174C00F1C771 /* Preview Assets.xcassets in Resources */,
				3AE2908F2A70174C00F1C771 /* Assets.xcassets in Resources */,
			);
			runOnlyForDeploymentPostprocessing = 0;
		};
		3AE290C22A701B2A00F1C771 /* Resources */ = {
			isa = PBXResourcesBuildPhase;
			buildActionMask = 2147483647;
			files = (
				3AE290CE2A701B2C00F1C771 /* Preview Assets.xcassets in Resources */,
				3AE290CB2A701B2C00F1C771 /* Assets.xcassets in Resources */,
			);
			runOnlyForDeploymentPostprocessing = 0;
		};
/* End PBXResourcesBuildPhase section */

/* Begin PBXSourcesBuildPhase section */
		3A048BF92A714BB800718410 /* Sources */ = {
			isa = PBXSourcesBuildPhase;
			buildActionMask = 2147483647;
			files = (
				3A048C022A714BB800718410 /* ContentView.swift in Sources */,
				3A048C002A714BB800718410 /* StatterScreenApp.swift in Sources */,
			);
			runOnlyForDeploymentPostprocessing = 0;
		};
		3A048C0D2A7A6F9A00718410 /* Sources */ = {
			isa = PBXSourcesBuildPhase;
			buildActionMask = 2147483647;
			files = (
				3A048C142A7A6F9A00718410 /* statcrg.swift in Sources */,
			);
			runOnlyForDeploymentPostprocessing = 0;
		};
		3A1236B02A8BA05100907C45 /* Sources */ = {
			isa = PBXSourcesBuildPhase;
			buildActionMask = 2147483647;
			files = (
				3A1236B72A8BA05100907C45 /* statrbook.swift in Sources */,
			);
			runOnlyForDeploymentPostprocessing = 0;
		};
		3A14DF602A83C59300B153CC /* Sources */ = {
			isa = PBXSourcesBuildPhase;
			buildActionMask = 2147483647;
			files = (
				3A14DF672A83C59300B153CC /* StatterBooksApp.swift in Sources */,
				3A14DF692A83C59300B153CC /* StatterBooksDocument.swift in Sources */,
				3A14DF6B2A83C59300B153CC /* ContentView.swift in Sources */,
			);
			runOnlyForDeploymentPostprocessing = 0;
		};
		3ACD65AF2ABA0A73002F148D /* Sources */ = {
			isa = PBXSourcesBuildPhase;
			buildActionMask = 2147483647;
			files = (
				3ACD65B82ABA0A74002F148D /* ContentView.swift in Sources */,
				3ACD65B62ABA0A74002F148D /* JTRemoteApp.swift in Sources */,
			);
			runOnlyForDeploymentPostprocessing = 0;
		};
		3AE290832A70174B00F1C771 /* Sources */ = {
			isa = PBXSourcesBuildPhase;
			buildActionMask = 2147483647;
			files = (
				3AE2908D2A70174B00F1C771 /* ContentView.swift in Sources */,
				3AE2908B2A70174B00F1C771 /* StatterApp.swift in Sources */,
			);
			runOnlyForDeploymentPostprocessing = 0;
		};
		3AE290C02A701B2A00F1C771 /* Sources */ = {
			isa = PBXSourcesBuildPhase;
			buildActionMask = 2147483647;
			files = (
				3AE290C92A701B2B00F1C771 /* ContentView.swift in Sources */,
				3AE290C72A701B2B00F1C771 /* StatterWatchApp.swift in Sources */,
			);
			runOnlyForDeploymentPostprocessing = 0;
		};
/* End PBXSourcesBuildPhase section */

/* Begin PBXTargetDependency section */
		3AE290D02A701B2C00F1C771 /* PBXTargetDependency */ = {
			isa = PBXTargetDependency;
			platformFilter = ios;
			target = 3AE290C32A701B2A00F1C771 /* StatterWatch Watch App */;
			targetProxy = 3AE290CF2A701B2C00F1C771 /* PBXContainerItemProxy */;
		};
/* End PBXTargetDependency section */

/* Begin XCBuildConfiguration section */
		3A048C082A714BBA00718410 /* Debug */ = {
			isa = XCBuildConfiguration;
			buildSettings = {
				ASSETCATALOG_COMPILER_APPICON_NAME = "App Icon & Top Shelf Image";
				ASSETCATALOG_COMPILER_GLOBAL_ACCENT_COLOR_NAME = AccentColor;
				CODE_SIGN_STYLE = Automatic;
				CURRENT_PROJECT_VERSION = 1;
				DEVELOPMENT_ASSET_PATHS = "\"StatterScreen/Preview Content\"";
				DEVELOPMENT_TEAM = 6V5988PN7B;
				ENABLE_PREVIEWS = YES;
				GENERATE_INFOPLIST_FILE = YES;
				INFOPLIST_KEY_UILaunchScreen_Generation = YES;
				INFOPLIST_KEY_UIUserInterfaceStyle = Automatic;
				LD_RUNPATH_SEARCH_PATHS = (
					"$(inherited)",
					"@executable_path/Frameworks",
				);
				MARKETING_VERSION = 1.0;
				PRODUCT_BUNDLE_IDENTIFIER = com.gandreas.StatterScreen;
				PRODUCT_NAME = "$(TARGET_NAME)";
				SDKROOT = appletvos;
				SWIFT_EMIT_LOC_STRINGS = YES;
				SWIFT_VERSION = 5.0;
				TARGETED_DEVICE_FAMILY = 3;
				TVOS_DEPLOYMENT_TARGET = 16.4;
			};
			name = Debug;
		};
		3A048C092A714BBA00718410 /* Release */ = {
			isa = XCBuildConfiguration;
			buildSettings = {
				ASSETCATALOG_COMPILER_APPICON_NAME = "App Icon & Top Shelf Image";
				ASSETCATALOG_COMPILER_GLOBAL_ACCENT_COLOR_NAME = AccentColor;
				CODE_SIGN_STYLE = Automatic;
				CURRENT_PROJECT_VERSION = 1;
				DEVELOPMENT_ASSET_PATHS = "\"StatterScreen/Preview Content\"";
				DEVELOPMENT_TEAM = 6V5988PN7B;
				ENABLE_PREVIEWS = YES;
				GENERATE_INFOPLIST_FILE = YES;
				INFOPLIST_KEY_UILaunchScreen_Generation = YES;
				INFOPLIST_KEY_UIUserInterfaceStyle = Automatic;
				LD_RUNPATH_SEARCH_PATHS = (
					"$(inherited)",
					"@executable_path/Frameworks",
				);
				MARKETING_VERSION = 1.0;
				PRODUCT_BUNDLE_IDENTIFIER = com.gandreas.StatterScreen;
				PRODUCT_NAME = "$(TARGET_NAME)";
				SDKROOT = appletvos;
				SWIFT_EMIT_LOC_STRINGS = YES;
				SWIFT_VERSION = 5.0;
				TARGETED_DEVICE_FAMILY = 3;
				TVOS_DEPLOYMENT_TARGET = 16.4;
				VALIDATE_PRODUCT = YES;
			};
			name = Release;
		};
		3A048C162A7A6F9A00718410 /* Debug */ = {
			isa = XCBuildConfiguration;
			buildSettings = {
				CODE_SIGN_ENTITLEMENTS = statcrg/statcrg.entitlements;
				"CODE_SIGN_IDENTITY[sdk=macosx*]" = "Apple Development";
				CODE_SIGN_STYLE = Automatic;
				DEVELOPMENT_TEAM = 6V5988PN7B;
				ENABLE_HARDENED_RUNTIME = YES;
				MACOSX_DEPLOYMENT_TARGET = 13.3;
				PRODUCT_BUNDLE_IDENTIFIER = com.gandreas.statcrg;
				PRODUCT_NAME = "$(TARGET_NAME)";
				SDKROOT = macosx;
				SWIFT_VERSION = 5.0;
			};
			name = Debug;
		};
		3A048C172A7A6F9A00718410 /* Release */ = {
			isa = XCBuildConfiguration;
			buildSettings = {
				CODE_SIGN_ENTITLEMENTS = statcrg/statcrg.entitlements;
				"CODE_SIGN_IDENTITY[sdk=macosx*]" = "Apple Development";
				CODE_SIGN_STYLE = Automatic;
				DEVELOPMENT_TEAM = 6V5988PN7B;
				ENABLE_HARDENED_RUNTIME = YES;
				MACOSX_DEPLOYMENT_TARGET = 13.3;
				PRODUCT_BUNDLE_IDENTIFIER = com.gandreas.statcrg;
				PRODUCT_NAME = "$(TARGET_NAME)";
				SDKROOT = macosx;
				SWIFT_VERSION = 5.0;
			};
			name = Release;
		};
		3A1236B82A8BA05100907C45 /* Debug */ = {
			isa = XCBuildConfiguration;
			buildSettings = {
				CODE_SIGN_STYLE = Automatic;
				DEVELOPMENT_TEAM = 6V5988PN7B;
				ENABLE_HARDENED_RUNTIME = YES;
				MACOSX_DEPLOYMENT_TARGET = 13.3;
				PRODUCT_NAME = "$(TARGET_NAME)";
				SDKROOT = macosx;
				SWIFT_VERSION = 5.0;
			};
			name = Debug;
		};
		3A1236B92A8BA05100907C45 /* Release */ = {
			isa = XCBuildConfiguration;
			buildSettings = {
				CODE_SIGN_STYLE = Automatic;
				DEVELOPMENT_TEAM = 6V5988PN7B;
				ENABLE_HARDENED_RUNTIME = YES;
				MACOSX_DEPLOYMENT_TARGET = 13.3;
				PRODUCT_NAME = "$(TARGET_NAME)";
				SDKROOT = macosx;
				SWIFT_VERSION = 5.0;
			};
			name = Release;
		};
		3A14DF732A83C59400B153CC /* Debug */ = {
			isa = XCBuildConfiguration;
			buildSettings = {
				ASSETCATALOG_COMPILER_APPICON_NAME = AppIcon;
				ASSETCATALOG_COMPILER_GLOBAL_ACCENT_COLOR_NAME = AccentColor;
				CODE_SIGN_ENTITLEMENTS = StatterBooks/StatterBooks.entitlements;
				CODE_SIGN_STYLE = Automatic;
				CURRENT_PROJECT_VERSION = 1;
				DEVELOPMENT_ASSET_PATHS = "\"StatterBooks/Preview Content\"";
				DEVELOPMENT_TEAM = 6V5988PN7B;
				ENABLE_HARDENED_RUNTIME = YES;
				ENABLE_PREVIEWS = YES;
				GENERATE_INFOPLIST_FILE = YES;
				INFOPLIST_FILE = StatterBooks/Info.plist;
				"INFOPLIST_KEY_UIApplicationSceneManifest_Generation[sdk=iphoneos*]" = YES;
				"INFOPLIST_KEY_UIApplicationSceneManifest_Generation[sdk=iphonesimulator*]" = YES;
				"INFOPLIST_KEY_UIApplicationSupportsIndirectInputEvents[sdk=iphoneos*]" = YES;
				"INFOPLIST_KEY_UIApplicationSupportsIndirectInputEvents[sdk=iphonesimulator*]" = YES;
				"INFOPLIST_KEY_UILaunchScreen_Generation[sdk=iphoneos*]" = YES;
				"INFOPLIST_KEY_UILaunchScreen_Generation[sdk=iphonesimulator*]" = YES;
				"INFOPLIST_KEY_UIStatusBarStyle[sdk=iphoneos*]" = UIStatusBarStyleDefault;
				"INFOPLIST_KEY_UIStatusBarStyle[sdk=iphonesimulator*]" = UIStatusBarStyleDefault;
				INFOPLIST_KEY_UISupportedInterfaceOrientations_iPad = "UIInterfaceOrientationPortrait UIInterfaceOrientationPortraitUpsideDown UIInterfaceOrientationLandscapeLeft UIInterfaceOrientationLandscapeRight";
				INFOPLIST_KEY_UISupportedInterfaceOrientations_iPhone = "UIInterfaceOrientationPortrait UIInterfaceOrientationLandscapeLeft UIInterfaceOrientationLandscapeRight";
				"INFOPLIST_KEY_UISupportsDocumentBrowser[sdk=iphoneos*]" = YES;
				"INFOPLIST_KEY_UISupportsDocumentBrowser[sdk=iphonesimulator*]" = YES;
				IPHONEOS_DEPLOYMENT_TARGET = 16.4;
				LD_RUNPATH_SEARCH_PATHS = "@executable_path/Frameworks";
				"LD_RUNPATH_SEARCH_PATHS[sdk=macosx*]" = "@executable_path/../Frameworks";
				MACOSX_DEPLOYMENT_TARGET = 13.3;
				MARKETING_VERSION = 1.0;
				PRODUCT_BUNDLE_IDENTIFIER = com.gandreas.StatterBooks;
				PRODUCT_NAME = "$(TARGET_NAME)";
				SDKROOT = auto;
				SUPPORTED_PLATFORMS = "iphoneos iphonesimulator macosx";
				SWIFT_EMIT_LOC_STRINGS = YES;
				SWIFT_VERSION = 5.0;
				TARGETED_DEVICE_FAMILY = "1,2";
			};
			name = Debug;
		};
		3A14DF742A83C59400B153CC /* Release */ = {
			isa = XCBuildConfiguration;
			buildSettings = {
				ASSETCATALOG_COMPILER_APPICON_NAME = AppIcon;
				ASSETCATALOG_COMPILER_GLOBAL_ACCENT_COLOR_NAME = AccentColor;
				CODE_SIGN_ENTITLEMENTS = StatterBooks/StatterBooks.entitlements;
				CODE_SIGN_STYLE = Automatic;
				CURRENT_PROJECT_VERSION = 1;
				DEVELOPMENT_ASSET_PATHS = "\"StatterBooks/Preview Content\"";
				DEVELOPMENT_TEAM = 6V5988PN7B;
				ENABLE_HARDENED_RUNTIME = YES;
				ENABLE_PREVIEWS = YES;
				GENERATE_INFOPLIST_FILE = YES;
				INFOPLIST_FILE = StatterBooks/Info.plist;
				"INFOPLIST_KEY_UIApplicationSceneManifest_Generation[sdk=iphoneos*]" = YES;
				"INFOPLIST_KEY_UIApplicationSceneManifest_Generation[sdk=iphonesimulator*]" = YES;
				"INFOPLIST_KEY_UIApplicationSupportsIndirectInputEvents[sdk=iphoneos*]" = YES;
				"INFOPLIST_KEY_UIApplicationSupportsIndirectInputEvents[sdk=iphonesimulator*]" = YES;
				"INFOPLIST_KEY_UILaunchScreen_Generation[sdk=iphoneos*]" = YES;
				"INFOPLIST_KEY_UILaunchScreen_Generation[sdk=iphonesimulator*]" = YES;
				"INFOPLIST_KEY_UIStatusBarStyle[sdk=iphoneos*]" = UIStatusBarStyleDefault;
				"INFOPLIST_KEY_UIStatusBarStyle[sdk=iphonesimulator*]" = UIStatusBarStyleDefault;
				INFOPLIST_KEY_UISupportedInterfaceOrientations_iPad = "UIInterfaceOrientationPortrait UIInterfaceOrientationPortraitUpsideDown UIInterfaceOrientationLandscapeLeft UIInterfaceOrientationLandscapeRight";
				INFOPLIST_KEY_UISupportedInterfaceOrientations_iPhone = "UIInterfaceOrientationPortrait UIInterfaceOrientationLandscapeLeft UIInterfaceOrientationLandscapeRight";
				"INFOPLIST_KEY_UISupportsDocumentBrowser[sdk=iphoneos*]" = YES;
				"INFOPLIST_KEY_UISupportsDocumentBrowser[sdk=iphonesimulator*]" = YES;
				IPHONEOS_DEPLOYMENT_TARGET = 16.4;
				LD_RUNPATH_SEARCH_PATHS = "@executable_path/Frameworks";
				"LD_RUNPATH_SEARCH_PATHS[sdk=macosx*]" = "@executable_path/../Frameworks";
				MACOSX_DEPLOYMENT_TARGET = 13.3;
				MARKETING_VERSION = 1.0;
				PRODUCT_BUNDLE_IDENTIFIER = com.gandreas.StatterBooks;
				PRODUCT_NAME = "$(TARGET_NAME)";
				SDKROOT = auto;
				SUPPORTED_PLATFORMS = "iphoneos iphonesimulator macosx";
				SWIFT_EMIT_LOC_STRINGS = YES;
				SWIFT_VERSION = 5.0;
				TARGETED_DEVICE_FAMILY = "1,2";
			};
			name = Release;
		};
		3ACD65BE2ABA0A74002F148D /* Debug */ = {
			isa = XCBuildConfiguration;
			buildSettings = {
				ASSETCATALOG_COMPILER_APPICON_NAME = AppIcon;
				ASSETCATALOG_COMPILER_GENERATE_SWIFT_ASSET_SYMBOL_EXTENSIONS = YES;
				ASSETCATALOG_COMPILER_GLOBAL_ACCENT_COLOR_NAME = AccentColor;
				CODE_SIGN_STYLE = Automatic;
				CURRENT_PROJECT_VERSION = 1;
				DEVELOPMENT_ASSET_PATHS = "\"JTRemote/Preview Content\"";
				DEVELOPMENT_TEAM = 6V5988PN7B;
				ENABLE_PREVIEWS = YES;
				ENABLE_USER_SCRIPT_SANDBOXING = YES;
				GCC_C_LANGUAGE_STANDARD = gnu17;
				GENERATE_INFOPLIST_FILE = YES;
				INFOPLIST_KEY_UIApplicationSceneManifest_Generation = YES;
				INFOPLIST_KEY_UIApplicationSupportsIndirectInputEvents = YES;
				INFOPLIST_KEY_UILaunchScreen_Generation = YES;
				INFOPLIST_KEY_UISupportedInterfaceOrientations_iPad = "UIInterfaceOrientationPortrait UIInterfaceOrientationPortraitUpsideDown UIInterfaceOrientationLandscapeLeft UIInterfaceOrientationLandscapeRight";
				INFOPLIST_KEY_UISupportedInterfaceOrientations_iPhone = "UIInterfaceOrientationPortrait UIInterfaceOrientationLandscapeLeft UIInterfaceOrientationLandscapeRight";
				IPHONEOS_DEPLOYMENT_TARGET = 17.0;
				LD_RUNPATH_SEARCH_PATHS = (
					"$(inherited)",
					"@executable_path/Frameworks",
				);
				LOCALIZATION_PREFERS_STRING_CATALOGS = YES;
				MARKETING_VERSION = 1.0;
				PRODUCT_BUNDLE_IDENTIFIER = com.derbyos.JTRemote;
				PRODUCT_NAME = "$(TARGET_NAME)";
				SDKROOT = iphoneos;
				SWIFT_ACTIVE_COMPILATION_CONDITIONS = "DEBUG $(inherited)";
				SWIFT_EMIT_LOC_STRINGS = YES;
				SWIFT_VERSION = 5.0;
				TARGETED_DEVICE_FAMILY = "1,2";
			};
			name = Debug;
		};
		3ACD65BF2ABA0A74002F148D /* Release */ = {
			isa = XCBuildConfiguration;
			buildSettings = {
				ASSETCATALOG_COMPILER_APPICON_NAME = AppIcon;
				ASSETCATALOG_COMPILER_GENERATE_SWIFT_ASSET_SYMBOL_EXTENSIONS = YES;
				ASSETCATALOG_COMPILER_GLOBAL_ACCENT_COLOR_NAME = AccentColor;
				CODE_SIGN_STYLE = Automatic;
				CURRENT_PROJECT_VERSION = 1;
				DEVELOPMENT_ASSET_PATHS = "\"JTRemote/Preview Content\"";
				DEVELOPMENT_TEAM = 6V5988PN7B;
				ENABLE_PREVIEWS = YES;
				ENABLE_USER_SCRIPT_SANDBOXING = YES;
				GCC_C_LANGUAGE_STANDARD = gnu17;
				GENERATE_INFOPLIST_FILE = YES;
				INFOPLIST_KEY_UIApplicationSceneManifest_Generation = YES;
				INFOPLIST_KEY_UIApplicationSupportsIndirectInputEvents = YES;
				INFOPLIST_KEY_UILaunchScreen_Generation = YES;
				INFOPLIST_KEY_UISupportedInterfaceOrientations_iPad = "UIInterfaceOrientationPortrait UIInterfaceOrientationPortraitUpsideDown UIInterfaceOrientationLandscapeLeft UIInterfaceOrientationLandscapeRight";
				INFOPLIST_KEY_UISupportedInterfaceOrientations_iPhone = "UIInterfaceOrientationPortrait UIInterfaceOrientationLandscapeLeft UIInterfaceOrientationLandscapeRight";
				IPHONEOS_DEPLOYMENT_TARGET = 17.0;
				LD_RUNPATH_SEARCH_PATHS = (
					"$(inherited)",
					"@executable_path/Frameworks",
				);
				LOCALIZATION_PREFERS_STRING_CATALOGS = YES;
				MARKETING_VERSION = 1.0;
				PRODUCT_BUNDLE_IDENTIFIER = com.derbyos.JTRemote;
				PRODUCT_NAME = "$(TARGET_NAME)";
				SDKROOT = iphoneos;
				SWIFT_EMIT_LOC_STRINGS = YES;
				SWIFT_VERSION = 5.0;
				TARGETED_DEVICE_FAMILY = "1,2";
				VALIDATE_PRODUCT = YES;
			};
			name = Release;
		};
		3AE290942A70174C00F1C771 /* Debug */ = {
			isa = XCBuildConfiguration;
			buildSettings = {
				ALWAYS_SEARCH_USER_PATHS = NO;
				CLANG_ANALYZER_NONNULL = YES;
				CLANG_ANALYZER_NUMBER_OBJECT_CONVERSION = YES_AGGRESSIVE;
				CLANG_CXX_LANGUAGE_STANDARD = "gnu++20";
				CLANG_ENABLE_MODULES = YES;
				CLANG_ENABLE_OBJC_ARC = YES;
				CLANG_ENABLE_OBJC_WEAK = YES;
				CLANG_WARN_BLOCK_CAPTURE_AUTORELEASING = YES;
				CLANG_WARN_BOOL_CONVERSION = YES;
				CLANG_WARN_COMMA = YES;
				CLANG_WARN_CONSTANT_CONVERSION = YES;
				CLANG_WARN_DEPRECATED_OBJC_IMPLEMENTATIONS = YES;
				CLANG_WARN_DIRECT_OBJC_ISA_USAGE = YES_ERROR;
				CLANG_WARN_DOCUMENTATION_COMMENTS = YES;
				CLANG_WARN_EMPTY_BODY = YES;
				CLANG_WARN_ENUM_CONVERSION = YES;
				CLANG_WARN_INFINITE_RECURSION = YES;
				CLANG_WARN_INT_CONVERSION = YES;
				CLANG_WARN_NON_LITERAL_NULL_CONVERSION = YES;
				CLANG_WARN_OBJC_IMPLICIT_RETAIN_SELF = YES;
				CLANG_WARN_OBJC_LITERAL_CONVERSION = YES;
				CLANG_WARN_OBJC_ROOT_CLASS = YES_ERROR;
				CLANG_WARN_QUOTED_INCLUDE_IN_FRAMEWORK_HEADER = YES;
				CLANG_WARN_RANGE_LOOP_ANALYSIS = YES;
				CLANG_WARN_STRICT_PROTOTYPES = YES;
				CLANG_WARN_SUSPICIOUS_MOVE = YES;
				CLANG_WARN_UNGUARDED_AVAILABILITY = YES_AGGRESSIVE;
				CLANG_WARN_UNREACHABLE_CODE = YES;
				CLANG_WARN__DUPLICATE_METHOD_MATCH = YES;
				COPY_PHASE_STRIP = NO;
				DEBUG_INFORMATION_FORMAT = dwarf;
				ENABLE_STRICT_OBJC_MSGSEND = YES;
				ENABLE_TESTABILITY = YES;
				GCC_C_LANGUAGE_STANDARD = gnu11;
				GCC_DYNAMIC_NO_PIC = NO;
				GCC_NO_COMMON_BLOCKS = YES;
				GCC_OPTIMIZATION_LEVEL = 0;
				GCC_PREPROCESSOR_DEFINITIONS = (
					"DEBUG=1",
					"$(inherited)",
				);
				GCC_WARN_64_TO_32_BIT_CONVERSION = YES;
				GCC_WARN_ABOUT_RETURN_TYPE = YES_ERROR;
				GCC_WARN_UNDECLARED_SELECTOR = YES;
				GCC_WARN_UNINITIALIZED_AUTOS = YES_AGGRESSIVE;
				GCC_WARN_UNUSED_FUNCTION = YES;
				GCC_WARN_UNUSED_VARIABLE = YES;
				MTL_ENABLE_DEBUG_INFO = INCLUDE_SOURCE;
				MTL_FAST_MATH = YES;
				ONLY_ACTIVE_ARCH = YES;
				SWIFT_ACTIVE_COMPILATION_CONDITIONS = DEBUG;
				SWIFT_OPTIMIZATION_LEVEL = "-Onone";
			};
			name = Debug;
		};
		3AE290952A70174C00F1C771 /* Release */ = {
			isa = XCBuildConfiguration;
			buildSettings = {
				ALWAYS_SEARCH_USER_PATHS = NO;
				CLANG_ANALYZER_NONNULL = YES;
				CLANG_ANALYZER_NUMBER_OBJECT_CONVERSION = YES_AGGRESSIVE;
				CLANG_CXX_LANGUAGE_STANDARD = "gnu++20";
				CLANG_ENABLE_MODULES = YES;
				CLANG_ENABLE_OBJC_ARC = YES;
				CLANG_ENABLE_OBJC_WEAK = YES;
				CLANG_WARN_BLOCK_CAPTURE_AUTORELEASING = YES;
				CLANG_WARN_BOOL_CONVERSION = YES;
				CLANG_WARN_COMMA = YES;
				CLANG_WARN_CONSTANT_CONVERSION = YES;
				CLANG_WARN_DEPRECATED_OBJC_IMPLEMENTATIONS = YES;
				CLANG_WARN_DIRECT_OBJC_ISA_USAGE = YES_ERROR;
				CLANG_WARN_DOCUMENTATION_COMMENTS = YES;
				CLANG_WARN_EMPTY_BODY = YES;
				CLANG_WARN_ENUM_CONVERSION = YES;
				CLANG_WARN_INFINITE_RECURSION = YES;
				CLANG_WARN_INT_CONVERSION = YES;
				CLANG_WARN_NON_LITERAL_NULL_CONVERSION = YES;
				CLANG_WARN_OBJC_IMPLICIT_RETAIN_SELF = YES;
				CLANG_WARN_OBJC_LITERAL_CONVERSION = YES;
				CLANG_WARN_OBJC_ROOT_CLASS = YES_ERROR;
				CLANG_WARN_QUOTED_INCLUDE_IN_FRAMEWORK_HEADER = YES;
				CLANG_WARN_RANGE_LOOP_ANALYSIS = YES;
				CLANG_WARN_STRICT_PROTOTYPES = YES;
				CLANG_WARN_SUSPICIOUS_MOVE = YES;
				CLANG_WARN_UNGUARDED_AVAILABILITY = YES_AGGRESSIVE;
				CLANG_WARN_UNREACHABLE_CODE = YES;
				CLANG_WARN__DUPLICATE_METHOD_MATCH = YES;
				COPY_PHASE_STRIP = NO;
				DEBUG_INFORMATION_FORMAT = "dwarf-with-dsym";
				ENABLE_NS_ASSERTIONS = NO;
				ENABLE_STRICT_OBJC_MSGSEND = YES;
				GCC_C_LANGUAGE_STANDARD = gnu11;
				GCC_NO_COMMON_BLOCKS = YES;
				GCC_WARN_64_TO_32_BIT_CONVERSION = YES;
				GCC_WARN_ABOUT_RETURN_TYPE = YES_ERROR;
				GCC_WARN_UNDECLARED_SELECTOR = YES;
				GCC_WARN_UNINITIALIZED_AUTOS = YES_AGGRESSIVE;
				GCC_WARN_UNUSED_FUNCTION = YES;
				GCC_WARN_UNUSED_VARIABLE = YES;
				MTL_ENABLE_DEBUG_INFO = NO;
				MTL_FAST_MATH = YES;
				SWIFT_COMPILATION_MODE = wholemodule;
				SWIFT_OPTIMIZATION_LEVEL = "-O";
			};
			name = Release;
		};
		3AE290972A70174C00F1C771 /* Debug */ = {
			isa = XCBuildConfiguration;
			buildSettings = {
				ALWAYS_EMBED_SWIFT_STANDARD_LIBRARIES = YES;
				ASSETCATALOG_COMPILER_APPICON_NAME = AppIcon;
				ASSETCATALOG_COMPILER_GLOBAL_ACCENT_COLOR_NAME = AccentColor;
				CODE_SIGN_ENTITLEMENTS = Statter/Statter.entitlements;
				CODE_SIGN_STYLE = Automatic;
				CURRENT_PROJECT_VERSION = 1;
				DEVELOPMENT_ASSET_PATHS = "\"Statter/Preview Content\"";
				DEVELOPMENT_TEAM = 6V5988PN7B;
				ENABLE_HARDENED_RUNTIME = YES;
				ENABLE_PREVIEWS = YES;
				GENERATE_INFOPLIST_FILE = YES;
				INFOPLIST_FILE = Statter/Info.plist;
				"INFOPLIST_KEY_UIApplicationSceneManifest_Generation[sdk=iphoneos*]" = YES;
				"INFOPLIST_KEY_UIApplicationSceneManifest_Generation[sdk=iphonesimulator*]" = YES;
				"INFOPLIST_KEY_UIApplicationSupportsIndirectInputEvents[sdk=iphoneos*]" = YES;
				"INFOPLIST_KEY_UIApplicationSupportsIndirectInputEvents[sdk=iphonesimulator*]" = YES;
				"INFOPLIST_KEY_UILaunchScreen_Generation[sdk=iphoneos*]" = YES;
				"INFOPLIST_KEY_UILaunchScreen_Generation[sdk=iphonesimulator*]" = YES;
				"INFOPLIST_KEY_UIStatusBarStyle[sdk=iphoneos*]" = UIStatusBarStyleDefault;
				"INFOPLIST_KEY_UIStatusBarStyle[sdk=iphonesimulator*]" = UIStatusBarStyleDefault;
				INFOPLIST_KEY_UISupportedInterfaceOrientations_iPad = "UIInterfaceOrientationPortrait UIInterfaceOrientationPortraitUpsideDown UIInterfaceOrientationLandscapeLeft UIInterfaceOrientationLandscapeRight";
				INFOPLIST_KEY_UISupportedInterfaceOrientations_iPhone = "UIInterfaceOrientationPortrait UIInterfaceOrientationLandscapeLeft UIInterfaceOrientationLandscapeRight";
				IPHONEOS_DEPLOYMENT_TARGET = 16.4;
				LD_RUNPATH_SEARCH_PATHS = "@executable_path/Frameworks";
				"LD_RUNPATH_SEARCH_PATHS[sdk=macosx*]" = "@executable_path/../Frameworks";
				MACOSX_DEPLOYMENT_TARGET = 13.3;
				MARKETING_VERSION = 1.0;
				PRODUCT_BUNDLE_IDENTIFIER = com.gandreas.Statter;
				PRODUCT_NAME = "$(TARGET_NAME)";
				SDKROOT = auto;
				SUPPORTED_PLATFORMS = "iphoneos iphonesimulator macosx";
				SWIFT_EMIT_LOC_STRINGS = YES;
				SWIFT_VERSION = 5.0;
				TARGETED_DEVICE_FAMILY = "1,2";
			};
			name = Debug;
		};
		3AE290982A70174C00F1C771 /* Release */ = {
			isa = XCBuildConfiguration;
			buildSettings = {
				ALWAYS_EMBED_SWIFT_STANDARD_LIBRARIES = YES;
				ASSETCATALOG_COMPILER_APPICON_NAME = AppIcon;
				ASSETCATALOG_COMPILER_GLOBAL_ACCENT_COLOR_NAME = AccentColor;
				CODE_SIGN_ENTITLEMENTS = Statter/Statter.entitlements;
				CODE_SIGN_STYLE = Automatic;
				CURRENT_PROJECT_VERSION = 1;
				DEVELOPMENT_ASSET_PATHS = "\"Statter/Preview Content\"";
				DEVELOPMENT_TEAM = 6V5988PN7B;
				ENABLE_HARDENED_RUNTIME = YES;
				ENABLE_PREVIEWS = YES;
				GENERATE_INFOPLIST_FILE = YES;
				INFOPLIST_FILE = Statter/Info.plist;
				"INFOPLIST_KEY_UIApplicationSceneManifest_Generation[sdk=iphoneos*]" = YES;
				"INFOPLIST_KEY_UIApplicationSceneManifest_Generation[sdk=iphonesimulator*]" = YES;
				"INFOPLIST_KEY_UIApplicationSupportsIndirectInputEvents[sdk=iphoneos*]" = YES;
				"INFOPLIST_KEY_UIApplicationSupportsIndirectInputEvents[sdk=iphonesimulator*]" = YES;
				"INFOPLIST_KEY_UILaunchScreen_Generation[sdk=iphoneos*]" = YES;
				"INFOPLIST_KEY_UILaunchScreen_Generation[sdk=iphonesimulator*]" = YES;
				"INFOPLIST_KEY_UIStatusBarStyle[sdk=iphoneos*]" = UIStatusBarStyleDefault;
				"INFOPLIST_KEY_UIStatusBarStyle[sdk=iphonesimulator*]" = UIStatusBarStyleDefault;
				INFOPLIST_KEY_UISupportedInterfaceOrientations_iPad = "UIInterfaceOrientationPortrait UIInterfaceOrientationPortraitUpsideDown UIInterfaceOrientationLandscapeLeft UIInterfaceOrientationLandscapeRight";
				INFOPLIST_KEY_UISupportedInterfaceOrientations_iPhone = "UIInterfaceOrientationPortrait UIInterfaceOrientationLandscapeLeft UIInterfaceOrientationLandscapeRight";
				IPHONEOS_DEPLOYMENT_TARGET = 16.4;
				LD_RUNPATH_SEARCH_PATHS = "@executable_path/Frameworks";
				"LD_RUNPATH_SEARCH_PATHS[sdk=macosx*]" = "@executable_path/../Frameworks";
				MACOSX_DEPLOYMENT_TARGET = 13.3;
				MARKETING_VERSION = 1.0;
				PRODUCT_BUNDLE_IDENTIFIER = com.gandreas.Statter;
				PRODUCT_NAME = "$(TARGET_NAME)";
				SDKROOT = auto;
				SUPPORTED_PLATFORMS = "iphoneos iphonesimulator macosx";
				SWIFT_EMIT_LOC_STRINGS = YES;
				SWIFT_VERSION = 5.0;
				TARGETED_DEVICE_FAMILY = "1,2";
			};
			name = Release;
		};
		3AE290D32A701B2C00F1C771 /* Debug */ = {
			isa = XCBuildConfiguration;
			buildSettings = {
				ASSETCATALOG_COMPILER_APPICON_NAME = AppIcon;
				ASSETCATALOG_COMPILER_GLOBAL_ACCENT_COLOR_NAME = AccentColor;
				CODE_SIGN_STYLE = Automatic;
				CURRENT_PROJECT_VERSION = 1;
				DEVELOPMENT_ASSET_PATHS = "\"StatterWatch Watch App/Preview Content\"";
				DEVELOPMENT_TEAM = 6V5988PN7B;
				ENABLE_PREVIEWS = YES;
				GENERATE_INFOPLIST_FILE = YES;
				INFOPLIST_KEY_CFBundleDisplayName = StatterWatch;
				INFOPLIST_KEY_UISupportedInterfaceOrientations = "UIInterfaceOrientationPortrait UIInterfaceOrientationPortraitUpsideDown";
				INFOPLIST_KEY_WKCompanionAppBundleIdentifier = com.gandreas.Statter;
				LD_RUNPATH_SEARCH_PATHS = (
					"$(inherited)",
					"@executable_path/Frameworks",
				);
				MARKETING_VERSION = 1.0;
				PRODUCT_BUNDLE_IDENTIFIER = com.gandreas.Statter.watchkitapp;
				PRODUCT_NAME = "$(TARGET_NAME)";
				SDKROOT = watchos;
				SKIP_INSTALL = YES;
				SWIFT_EMIT_LOC_STRINGS = YES;
				SWIFT_VERSION = 5.0;
				TARGETED_DEVICE_FAMILY = 4;
				WATCHOS_DEPLOYMENT_TARGET = 9.4;
			};
			name = Debug;
		};
		3AE290D42A701B2C00F1C771 /* Release */ = {
			isa = XCBuildConfiguration;
			buildSettings = {
				ASSETCATALOG_COMPILER_APPICON_NAME = AppIcon;
				ASSETCATALOG_COMPILER_GLOBAL_ACCENT_COLOR_NAME = AccentColor;
				CODE_SIGN_STYLE = Automatic;
				CURRENT_PROJECT_VERSION = 1;
				DEVELOPMENT_ASSET_PATHS = "\"StatterWatch Watch App/Preview Content\"";
				DEVELOPMENT_TEAM = 6V5988PN7B;
				ENABLE_PREVIEWS = YES;
				GENERATE_INFOPLIST_FILE = YES;
				INFOPLIST_KEY_CFBundleDisplayName = StatterWatch;
				INFOPLIST_KEY_UISupportedInterfaceOrientations = "UIInterfaceOrientationPortrait UIInterfaceOrientationPortraitUpsideDown";
				INFOPLIST_KEY_WKCompanionAppBundleIdentifier = com.gandreas.Statter;
				LD_RUNPATH_SEARCH_PATHS = (
					"$(inherited)",
					"@executable_path/Frameworks",
				);
				MARKETING_VERSION = 1.0;
				PRODUCT_BUNDLE_IDENTIFIER = com.gandreas.Statter.watchkitapp;
				PRODUCT_NAME = "$(TARGET_NAME)";
				SDKROOT = watchos;
				SKIP_INSTALL = YES;
				SWIFT_EMIT_LOC_STRINGS = YES;
				SWIFT_VERSION = 5.0;
				TARGETED_DEVICE_FAMILY = 4;
				VALIDATE_PRODUCT = YES;
				WATCHOS_DEPLOYMENT_TARGET = 9.4;
			};
			name = Release;
		};
/* End XCBuildConfiguration section */

/* Begin XCConfigurationList section */
		3A048C0A2A714BBA00718410 /* Build configuration list for PBXNativeTarget "StatterScreen" */ = {
			isa = XCConfigurationList;
			buildConfigurations = (
				3A048C082A714BBA00718410 /* Debug */,
				3A048C092A714BBA00718410 /* Release */,
			);
			defaultConfigurationIsVisible = 0;
			defaultConfigurationName = Release;
		};
		3A048C152A7A6F9A00718410 /* Build configuration list for PBXNativeTarget "statcrg" */ = {
			isa = XCConfigurationList;
			buildConfigurations = (
				3A048C162A7A6F9A00718410 /* Debug */,
				3A048C172A7A6F9A00718410 /* Release */,
			);
			defaultConfigurationIsVisible = 0;
			defaultConfigurationName = Release;
		};
		3A1236BA2A8BA05100907C45 /* Build configuration list for PBXNativeTarget "statrbook" */ = {
			isa = XCConfigurationList;
			buildConfigurations = (
				3A1236B82A8BA05100907C45 /* Debug */,
				3A1236B92A8BA05100907C45 /* Release */,
			);
			defaultConfigurationIsVisible = 0;
			defaultConfigurationName = Release;
		};
		3A14DF752A83C59400B153CC /* Build configuration list for PBXNativeTarget "StatterBooks" */ = {
			isa = XCConfigurationList;
			buildConfigurations = (
				3A14DF732A83C59400B153CC /* Debug */,
				3A14DF742A83C59400B153CC /* Release */,
			);
			defaultConfigurationIsVisible = 0;
			defaultConfigurationName = Release;
		};
		3ACD65C02ABA0A74002F148D /* Build configuration list for PBXNativeTarget "JTRemote" */ = {
			isa = XCConfigurationList;
			buildConfigurations = (
				3ACD65BE2ABA0A74002F148D /* Debug */,
				3ACD65BF2ABA0A74002F148D /* Release */,
			);
			defaultConfigurationIsVisible = 0;
			defaultConfigurationName = Release;
		};
		3AE290822A70174B00F1C771 /* Build configuration list for PBXProject "Statter" */ = {
			isa = XCConfigurationList;
			buildConfigurations = (
				3AE290942A70174C00F1C771 /* Debug */,
				3AE290952A70174C00F1C771 /* Release */,
			);
			defaultConfigurationIsVisible = 0;
			defaultConfigurationName = Release;
		};
		3AE290962A70174C00F1C771 /* Build configuration list for PBXNativeTarget "Statter" */ = {
			isa = XCConfigurationList;
			buildConfigurations = (
				3AE290972A70174C00F1C771 /* Debug */,
				3AE290982A70174C00F1C771 /* Release */,
			);
			defaultConfigurationIsVisible = 0;
			defaultConfigurationName = Release;
		};
		3AE290D52A701B2C00F1C771 /* Build configuration list for PBXNativeTarget "StatterWatch Watch App" */ = {
			isa = XCConfigurationList;
			buildConfigurations = (
				3AE290D32A701B2C00F1C771 /* Debug */,
				3AE290D42A701B2C00F1C771 /* Release */,
			);
			defaultConfigurationIsVisible = 0;
			defaultConfigurationName = Release;
		};
/* End XCConfigurationList section */

/* Begin XCRemoteSwiftPackageReference section */
		3A048C182A7A6FD400718410 /* XCRemoteSwiftPackageReference "swift-argument-parser" */ = {
			isa = XCRemoteSwiftPackageReference;
			repositoryURL = "https://github.com/apple/swift-argument-parser.git";
			requirement = {
				kind = upToNextMajorVersion;
				minimumVersion = 1.0.0;
			};
		};
/* End XCRemoteSwiftPackageReference section */

/* Begin XCSwiftPackageProductDependency section */
		3A048C0B2A714BC600718410 /* StatterCRG */ = {
			isa = XCSwiftPackageProductDependency;
			productName = StatterCRG;
		};
		3A048C192A7A6FD400718410 /* ArgumentParser */ = {
			isa = XCSwiftPackageProductDependency;
			package = 3A048C182A7A6FD400718410 /* XCRemoteSwiftPackageReference "swift-argument-parser" */;
			productName = ArgumentParser;
		};
		3A048C1B2A7A761900718410 /* StatterCRG */ = {
			isa = XCSwiftPackageProductDependency;
			productName = StatterCRG;
		};
		3A1236BB2A8BA26400907C45 /* StatterCRG */ = {
			isa = XCSwiftPackageProductDependency;
			productName = StatterCRG;
		};
		3A1236BD2A8BA2AD00907C45 /* ArgumentParser */ = {
			isa = XCSwiftPackageProductDependency;
			package = 3A048C182A7A6FD400718410 /* XCRemoteSwiftPackageReference "swift-argument-parser" */;
			productName = ArgumentParser;
		};
		3A14DF762A83C85100B153CC /* StatterCRG */ = {
			isa = XCSwiftPackageProductDependency;
			productName = StatterCRG;
		};
		3ACD65C12ABA0AED002F148D /* StatterCRG */ = {
			isa = XCSwiftPackageProductDependency;
			productName = StatterCRG;
		};
		3AE2909E2A70181900F1C771 /* StatterCRG */ = {
			isa = XCSwiftPackageProductDependency;
			productName = StatterCRG;
		};
		3AE290D62A701BA600F1C771 /* StatterCRG */ = {
			isa = XCSwiftPackageProductDependency;
			productName = StatterCRG;
		};
/* End XCSwiftPackageProductDependency section */
	};
	rootObject = 3AE2907F2A70174B00F1C771 /* Project object */;
}
